
Microsoft Visual Studio Solution File, Format Version 12.00
# Visual Studio 15
VisualStudioVersion = 15.0.26124.0
MinimumVisualStudioVersion = 15.0.26124.0
Project("{2150E333-8FDC-42A3-9474-1A3956D46DE8}") = "src", "src", "{99320B15-2B8E-4E29-8F0E-06C26D4E140D}"
EndProject
Project("{F2A71F9B-5D33-465A-A702-920D77279786}") = "PaketDemo", "src\PaketDemo\PaketDemo.fsproj", "{571CFC6A-1C4F-403B-B3EE-9118FB544B3D}"
EndProject
Global
	GlobalSection(SolutionConfigurationPlatforms) = preSolution
		Debug|Any CPU = Debug|Any CPU
		Debug|x64 = Debug|x64
		Debug|x86 = Debug|x86
		Release|Any CPU = Release|Any CPU
		Release|x64 = Release|x64
		Release|x86 = Release|x86
	EndGlobalSection
	GlobalSection(SolutionProperties) = preSolution
		HideSolutionNode = FALSE
	EndGlobalSection
	GlobalSection(ProjectConfigurationPlatforms) = postSolution
		{571CFC6A-1C4F-403B-B3EE-9118FB544B3D}.Debug|Any CPU.ActiveCfg = Debug|Any CPU
		{571CFC6A-1C4F-403B-B3EE-9118FB544B3D}.Debug|Any CPU.Build.0 = Debug|Any CPU
		{571CFC6A-1C4F-403B-B3EE-9118FB544B3D}.Debug|x64.ActiveCfg = Debug|Any CPU
		{571CFC6A-1C4F-403B-B3EE-9118FB544B3D}.Debug|x64.Build.0 = Debug|Any CPU
		{571CFC6A-1C4F-403B-B3EE-9118FB544B3D}.Debug|x86.ActiveCfg = Debug|Any CPU
		{571CFC6A-1C4F-403B-B3EE-9118FB544B3D}.Debug|x86.Build.0 = Debug|Any CPU
		{571CFC6A-1C4F-403B-B3EE-9118FB544B3D}.Release|Any CPU.ActiveCfg = Release|Any CPU
		{571CFC6A-1C4F-403B-B3EE-9118FB544B3D}.Release|Any CPU.Build.0 = Release|Any CPU
		{571CFC6A-1C4F-403B-B3EE-9118FB544B3D}.Release|x64.ActiveCfg = Release|Any CPU
		{571CFC6A-1C4F-403B-B3EE-9118FB544B3D}.Release|x64.Build.0 = Release|Any CPU
		{571CFC6A-1C4F-403B-B3EE-9118FB544B3D}.Release|x86.ActiveCfg = Release|Any CPU
		{571CFC6A-1C4F-403B-B3EE-9118FB544B3D}.Release|x86.Build.0 = Release|Any CPU
	EndGlobalSection
	GlobalSection(NestedProjects) = preSolution
		{571CFC6A-1C4F-403B-B3EE-9118FB544B3D} = {99320B15-2B8E-4E29-8F0E-06C26D4E140D}
	EndGlobalSection
EndGlobal
